
Microsoft Visual Studio Solution File, Format Version 12.00
# Visual Studio 15
VisualStudioVersion = 15.0.28307.168
MinimumVisualStudioVersion = 10.0.40219.1
Project("{FAE04EC0-301F-11D3-BF4B-00C04F79EFBC}") = "GetEdgesGraph", "GetEdgesGraph\GetEdgesGraph.csproj", "{4E38C8B2-DC89-4432-86D8-3EC66CF04FBA}"
EndProject
Project("{FAE04EC0-301F-11D3-BF4B-00C04F79EFBC}") = "GetEdgesGraphTests", "GetEdgesGraphTests\GetEdgesGraphTests.csproj", "{34DE44F5-71FE-40BC-BB50-F7A909005565}"
EndProject
Global
	GlobalSection(SolutionConfigurationPlatforms) = preSolution
		Debug|Any CPU = Debug|Any CPU
		Release|Any CPU = Release|Any CPU
	EndGlobalSection
	GlobalSection(ProjectConfigurationPlatforms) = postSolution
		{4E38C8B2-DC89-4432-86D8-3EC66CF04FBA}.Debug|Any CPU.ActiveCfg = Debug|Any CPU
		{4E38C8B2-DC89-4432-86D8-3EC66CF04FBA}.Debug|Any CPU.Build.0 = Debug|Any CPU
		{4E38C8B2-DC89-4432-86D8-3EC66CF04FBA}.Release|Any CPU.ActiveCfg = Release|Any CPU
		{4E38C8B2-DC89-4432-86D8-3EC66CF04FBA}.Release|Any CPU.Build.0 = Release|Any CPU
		{34DE44F5-71FE-40BC-BB50-F7A909005565}.Debug|Any CPU.ActiveCfg = Debug|Any CPU
		{34DE44F5-71FE-40BC-BB50-F7A909005565}.Debug|Any CPU.Build.0 = Debug|Any CPU
		{34DE44F5-71FE-40BC-BB50-F7A909005565}.Release|Any CPU.ActiveCfg = Release|Any CPU
		{34DE44F5-71FE-40BC-BB50-F7A909005565}.Release|Any CPU.Build.0 = Release|Any CPU
	EndGlobalSection
	GlobalSection(SolutionProperties) = preSolution
		HideSolutionNode = FALSE
	EndGlobalSection
	GlobalSection(ExtensibilityGlobals) = postSolution
		SolutionGuid = {2B0BE4EC-C994-4865-A7AD-44FF4768397C}
	EndGlobalSection
EndGlobal
