
Microsoft Visual Studio Solution File, Format Version 12.00
# Visual Studio 15
VisualStudioVersion = 15.0.28307.136
MinimumVisualStudioVersion = 10.0.40219.1
Project("{FAE04EC0-301F-11D3-BF4B-00C04F79EFBC}") = "CalculateLevelsInTree", "CalculateLevelsInTree\CalculateLevelsInTree.csproj", "{1C7C5CDD-CF61-473A-AC2A-199B68B125CF}"
EndProject
Global
	GlobalSection(SolutionConfigurationPlatforms) = preSolution
		Debug|Any CPU = Debug|Any CPU
		Release|Any CPU = Release|Any CPU
	EndGlobalSection
	GlobalSection(ProjectConfigurationPlatforms) = postSolution
		{1C7C5CDD-CF61-473A-AC2A-199B68B125CF}.Debug|Any CPU.ActiveCfg = Debug|Any CPU
		{1C7C5CDD-CF61-473A-AC2A-199B68B125CF}.Debug|Any CPU.Build.0 = Debug|Any CPU
		{1C7C5CDD-CF61-473A-AC2A-199B68B125CF}.Release|Any CPU.ActiveCfg = Release|Any CPU
		{1C7C5CDD-CF61-473A-AC2A-199B68B125CF}.Release|Any CPU.Build.0 = Release|Any CPU
	EndGlobalSection
	GlobalSection(SolutionProperties) = preSolution
		HideSolutionNode = FALSE
	EndGlobalSection
	GlobalSection(ExtensibilityGlobals) = postSolution
		SolutionGuid = {98FF89D6-A3A7-4260-998B-13351BF8EA88}
	EndGlobalSection
EndGlobal
