
Microsoft Visual Studio Solution File, Format Version 12.00
# Visual Studio 15
VisualStudioVersion = 15.0.28307.168
MinimumVisualStudioVersion = 10.0.40219.1
Project("{FAE04EC0-301F-11D3-BF4B-00C04F79EFBC}") = "queueWithStacks", "queueWithStacks\queueWithStacks.csproj", "{A7F520B2-65F9-4E50-BD0F-11A2B56B8B1E}"
EndProject
Project("{FAE04EC0-301F-11D3-BF4B-00C04F79EFBC}") = "queueWithStacksTests", "QueueWithStacksTests\queueWithStacksTests.csproj", "{019F0DDE-D104-4E6B-BDB9-1475395521EE}"
EndProject
Global
	GlobalSection(SolutionConfigurationPlatforms) = preSolution
		Debug|Any CPU = Debug|Any CPU
		Release|Any CPU = Release|Any CPU
	EndGlobalSection
	GlobalSection(ProjectConfigurationPlatforms) = postSolution
		{A7F520B2-65F9-4E50-BD0F-11A2B56B8B1E}.Debug|Any CPU.ActiveCfg = Debug|Any CPU
		{A7F520B2-65F9-4E50-BD0F-11A2B56B8B1E}.Debug|Any CPU.Build.0 = Debug|Any CPU
		{A7F520B2-65F9-4E50-BD0F-11A2B56B8B1E}.Release|Any CPU.ActiveCfg = Release|Any CPU
		{A7F520B2-65F9-4E50-BD0F-11A2B56B8B1E}.Release|Any CPU.Build.0 = Release|Any CPU
		{019F0DDE-D104-4E6B-BDB9-1475395521EE}.Debug|Any CPU.ActiveCfg = Debug|Any CPU
		{019F0DDE-D104-4E6B-BDB9-1475395521EE}.Debug|Any CPU.Build.0 = Debug|Any CPU
		{019F0DDE-D104-4E6B-BDB9-1475395521EE}.Release|Any CPU.ActiveCfg = Release|Any CPU
		{019F0DDE-D104-4E6B-BDB9-1475395521EE}.Release|Any CPU.Build.0 = Release|Any CPU
	EndGlobalSection
	GlobalSection(SolutionProperties) = preSolution
		HideSolutionNode = FALSE
	EndGlobalSection
	GlobalSection(ExtensibilityGlobals) = postSolution
		SolutionGuid = {7BF0A9BD-3F98-4B26-9627-E81A5A191420}
	EndGlobalSection
EndGlobal
