
Microsoft Visual Studio Solution File, Format Version 12.00
# Visual Studio 15
VisualStudioVersion = 15.0.28307.168
MinimumVisualStudioVersion = 10.0.40219.1
Project("{FAE04EC0-301F-11D3-BF4B-00C04F79EFBC}") = "DepthFirstGraphs", "DepthFirstGraphs\DepthFirstGraphs.csproj", "{49915D45-26AB-4C27-87E7-6A8C31B76C0D}"
EndProject
Global
	GlobalSection(SolutionConfigurationPlatforms) = preSolution
		Debug|Any CPU = Debug|Any CPU
		Release|Any CPU = Release|Any CPU
	EndGlobalSection
	GlobalSection(ProjectConfigurationPlatforms) = postSolution
		{49915D45-26AB-4C27-87E7-6A8C31B76C0D}.Debug|Any CPU.ActiveCfg = Debug|Any CPU
		{49915D45-26AB-4C27-87E7-6A8C31B76C0D}.Debug|Any CPU.Build.0 = Debug|Any CPU
		{49915D45-26AB-4C27-87E7-6A8C31B76C0D}.Release|Any CPU.ActiveCfg = Release|Any CPU
		{49915D45-26AB-4C27-87E7-6A8C31B76C0D}.Release|Any CPU.Build.0 = Release|Any CPU
	EndGlobalSection
	GlobalSection(SolutionProperties) = preSolution
		HideSolutionNode = FALSE
	EndGlobalSection
	GlobalSection(ExtensibilityGlobals) = postSolution
		SolutionGuid = {44EBC60D-D745-438B-8F83-9B32ADA3F7C7}
	EndGlobalSection
EndGlobal
